
Microsoft Visual Studio Solution File, Format Version 10.00
# Visual Studio 2008
Project("{FAE04EC0-301F-11D3-BF4B-00C04F79EFBC}") = "ArbitrageForm", "ArbitrageForm\ArbitrageForm.csproj", "{BB6BEA70-2FFC-4907-BCAC-5D7B5BD5DF4B}"
EndProject
Project("{FAE04EC0-301F-11D3-BF4B-00C04F79EFBC}") = "GotParser", "Parser\GotParser.csproj", "{2DC4410A-458B-48C2-8E67-A8A202EF466B}"
EndProject
Global
	GlobalSection(SolutionConfigurationPlatforms) = preSolution
		Debug|Any CPU = Debug|Any CPU
		Release|Any CPU = Release|Any CPU
	EndGlobalSection
	GlobalSection(ProjectConfigurationPlatforms) = postSolution
		{BB6BEA70-2FFC-4907-BCAC-5D7B5BD5DF4B}.Debug|Any CPU.ActiveCfg = Debug|Any CPU
		{BB6BEA70-2FFC-4907-BCAC-5D7B5BD5DF4B}.Debug|Any CPU.Build.0 = Debug|Any CPU
		{BB6BEA70-2FFC-4907-BCAC-5D7B5BD5DF4B}.Release|Any CPU.ActiveCfg = Release|Any CPU
		{BB6BEA70-2FFC-4907-BCAC-5D7B5BD5DF4B}.Release|Any CPU.Build.0 = Release|Any CPU
		{2DC4410A-458B-48C2-8E67-A8A202EF466B}.Debug|Any CPU.ActiveCfg = Debug|Any CPU
		{2DC4410A-458B-48C2-8E67-A8A202EF466B}.Debug|Any CPU.Build.0 = Debug|Any CPU
		{2DC4410A-458B-48C2-8E67-A8A202EF466B}.Release|Any CPU.ActiveCfg = Release|Any CPU
		{2DC4410A-458B-48C2-8E67-A8A202EF466B}.Release|Any CPU.Build.0 = Release|Any CPU
	EndGlobalSection
	GlobalSection(SolutionProperties) = preSolution
		HideSolutionNode = FALSE
	EndGlobalSection
EndGlobal
